
Microsoft Visual Studio Solution File, Format Version 12.00
# Visual Studio Version 16
VisualStudioVersion = 16.0.29613.14
MinimumVisualStudioVersion = 10.0.40219.1
Project("{FAE04EC0-301F-11D3-BF4B-00C04F79EFBC}") = "CustomListClassProj", "CustomListClassProj\CustomListClassProj.csproj", "{79B12FE4-5301-4764-B9C4-516D76368541}"
EndProject
Project("{FAE04EC0-301F-11D3-BF4B-00C04F79EFBC}") = "CustomListClassTest", "CustomListClassTest\CustomListClassTest.csproj", "{78D94723-421D-463F-A1F2-FC513F237557}"
EndProject
Global
	GlobalSection(SolutionConfigurationPlatforms) = preSolution
		Debug|Any CPU = Debug|Any CPU
		Release|Any CPU = Release|Any CPU
	EndGlobalSection
	GlobalSection(ProjectConfigurationPlatforms) = postSolution
		{79B12FE4-5301-4764-B9C4-516D76368541}.Debug|Any CPU.ActiveCfg = Debug|Any CPU
		{79B12FE4-5301-4764-B9C4-516D76368541}.Debug|Any CPU.Build.0 = Debug|Any CPU
		{79B12FE4-5301-4764-B9C4-516D76368541}.Release|Any CPU.ActiveCfg = Release|Any CPU
		{79B12FE4-5301-4764-B9C4-516D76368541}.Release|Any CPU.Build.0 = Release|Any CPU
		{78D94723-421D-463F-A1F2-FC513F237557}.Debug|Any CPU.ActiveCfg = Debug|Any CPU
		{78D94723-421D-463F-A1F2-FC513F237557}.Debug|Any CPU.Build.0 = Debug|Any CPU
		{78D94723-421D-463F-A1F2-FC513F237557}.Release|Any CPU.ActiveCfg = Release|Any CPU
		{78D94723-421D-463F-A1F2-FC513F237557}.Release|Any CPU.Build.0 = Release|Any CPU
	EndGlobalSection
	GlobalSection(SolutionProperties) = preSolution
		HideSolutionNode = FALSE
	EndGlobalSection
	GlobalSection(ExtensibilityGlobals) = postSolution
		SolutionGuid = {C2E270AB-B51C-49A2-BDC1-D5107AFB4CEC}
	EndGlobalSection
EndGlobal
